
Microsoft Visual Studio Solution File, Format Version 12.00
# Visual Studio Version 16
VisualStudioVersion = 16.0.30621.155
MinimumVisualStudioVersion = 10.0.40219.1
Project("{FAE04EC0-301F-11D3-BF4B-00C04F79EFBC}") = "Shinobido Custom Missions PS2 to PSP", "Shinobido Custom Missions PS2 to PSP\Shinobido Custom Missions PS2 to PSP.csproj", "{4691096A-A908-4948-A72C-B41B73325D0D}"
EndProject
Global
	GlobalSection(SolutionConfigurationPlatforms) = preSolution
		Debug|Any CPU = Debug|Any CPU
		Release|Any CPU = Release|Any CPU
	EndGlobalSection
	GlobalSection(ProjectConfigurationPlatforms) = postSolution
		{4691096A-A908-4948-A72C-B41B73325D0D}.Debug|Any CPU.ActiveCfg = Debug|Any CPU
		{4691096A-A908-4948-A72C-B41B73325D0D}.Debug|Any CPU.Build.0 = Debug|Any CPU
		{4691096A-A908-4948-A72C-B41B73325D0D}.Release|Any CPU.ActiveCfg = Release|Any CPU
		{4691096A-A908-4948-A72C-B41B73325D0D}.Release|Any CPU.Build.0 = Release|Any CPU
	EndGlobalSection
	GlobalSection(SolutionProperties) = preSolution
		HideSolutionNode = FALSE
	EndGlobalSection
	GlobalSection(ExtensibilityGlobals) = postSolution
		SolutionGuid = {9D98E7F6-F359-49B9-9148-7D8619B4FC02}
	EndGlobalSection
EndGlobal
